// !$*UTF8*$!
{
	archiveVersion = 1;
	classes = {
	};
	objectVersion = 46;
	objects = {

/* Begin PBXBuildFile section */
		18DDDE221D34A10B0074DE66 /* main.m in Sources */ = {isa = PBXBuildFile; fileRef = 18DDDE211D34A10B0074DE66 /* main.m */; };
		18DDDE251D34A10B0074DE66 /* AppDelegate.m in Sources */ = {isa = PBXBuildFile; fileRef = 18DDDE241D34A10B0074DE66 /* AppDelegate.m */; };
		18DDDE2D1D34A10B0074DE66 /* Assets.xcassets in Resources */ = {isa = PBXBuildFile; fileRef = 18DDDE2C1D34A10B0074DE66 /* Assets.xcassets */; };
		18DDDE3B1D34A10C0074DE66 /* Modal___________Tests.m in Sources */ = {isa = PBXBuildFile; fileRef = 18DDDE3A1D34A10C0074DE66 /* Modal___________Tests.m */; };
		18DDDE481D34A2420074DE66 /* ZPOneViewController.m in Sources */ = {isa = PBXBuildFile; fileRef = 18DDDE461D34A2420074DE66 /* ZPOneViewController.m */; };
		18DDDE491D34A2420074DE66 /* ZPOneViewController.xib in Resources */ = {isa = PBXBuildFile; fileRef = 18DDDE471D34A2420074DE66 /* ZPOneViewController.xib */; };
		18DDDE4D1D34A3040074DE66 /* ZPTwoViewController.m in Sources */ = {isa = PBXBuildFile; fileRef = 18DDDE4B1D34A3040074DE66 /* ZPTwoViewController.m */; };
		18DDDE4E1D34A3040074DE66 /* ZPTwoViewController.xib in Resources */ = {isa = PBXBuildFile; fileRef = 18DDDE4C1D34A3040074DE66 /* ZPTwoViewController.xib */; };
/* End PBXBuildFile section */

/* Begin PBXContainerItemProxy section */
		18DDDE371D34A10C0074DE66 /* PBXContainerItemProxy */ = {
			isa = PBXContainerItemProxy;
			containerPortal = 18DDDE151D34A10B0074DE66 /* Project object */;
			proxyType = 1;
			remoteGlobalIDString = 18DDDE1C1D34A10B0074DE66;
			remoteInfo = "Modal方式显示控制器（代码）";
		};
/* End PBXContainerItemProxy section */

/* Begin PBXFileReference section */
		18DDDE1D1D34A10B0074DE66 /* Modal方式显示控制器（代码）.app */ = {isa = PBXFileReference; explicitFileType = wrapper.application; includeInIndex = 0; path = "Modal方式显示控制器（代码）.app"; sourceTree = BUILT_PRODUCTS_DIR; };
		18DDDE211D34A10B0074DE66 /* main.m */ = {isa = PBXFileReference; lastKnownFileType = sourcecode.c.objc; path = main.m; sourceTree = "<group>"; };
		18DDDE231D34A10B0074DE66 /* AppDelegate.h */ = {isa = PBXFileReference; lastKnownFileType = sourcecode.c.h; path = AppDelegate.h; sourceTree = "<group>"; };
		18DDDE241D34A10B0074DE66 /* AppDelegate.m */ = {isa = PBXFileReference; lastKnownFileType = sourcecode.c.objc; path = AppDelegate.m; sourceTree = "<group>"; };
		18DDDE2C1D34A10B0074DE66 /* Assets.xcassets */ = {isa = PBXFileReference; lastKnownFileType = folder.assetcatalog; path = Assets.xcassets; sourceTree = "<group>"; };
		18DDDE311D34A10B0074DE66 /* Info.plist */ = {isa = PBXFileReference; lastKnownFileType = text.plist.xml; path = Info.plist; sourceTree = "<group>"; };
		18DDDE361D34A10C0074DE66 /* Modal方式显示控制器（代码）Tests.xctest */ = {isa = PBXFileReference; explicitFileType = wrapper.cfbundle; includeInIndex = 0; path = "Modal方式显示控制器（代码）Tests.xctest"; sourceTree = BUILT_PRODUCTS_DIR; };
		18DDDE3A1D34A10C0074DE66 /* Modal___________Tests.m */ = {isa = PBXFileReference; lastKnownFileType = sourcecode.c.objc; path = "Modal___________Tests.m"; sourceTree = "<group>"; };
		18DDDE3C1D34A10C0074DE66 /* Info.plist */ = {isa = PBXFileReference; lastKnownFileType = text.plist.xml; path = Info.plist; sourceTree = "<group>"; };
		18DDDE451D34A2420074DE66 /* ZPOneViewController.h */ = {isa = PBXFileReference; fileEncoding = 4; lastKnownFileType = sourcecode.c.h; path = ZPOneViewController.h; sourceTree = "<group>"; };
		18DDDE461D34A2420074DE66 /* ZPOneViewController.m */ = {isa = PBXFileReference; fileEncoding = 4; lastKnownFileType = sourcecode.c.objc; path = ZPOneViewController.m; sourceTree = "<group>"; };
		18DDDE471D34A2420074DE66 /* ZPOneViewController.xib */ = {isa = PBXFileReference; fileEncoding = 4; lastKnownFileType = file.xib; path = ZPOneViewController.xib; sourceTree = "<group>"; };
		18DDDE4A1D34A3040074DE66 /* ZPTwoViewController.h */ = {isa = PBXFileReference; fileEncoding = 4; lastKnownFileType = sourcecode.c.h; path = ZPTwoViewController.h; sourceTree = "<group>"; };
		18DDDE4B1D34A3040074DE66 /* ZPTwoViewController.m */ = {isa = PBXFileReference; fileEncoding = 4; lastKnownFileType = sourcecode.c.objc; path = ZPTwoViewController.m; sourceTree = "<group>"; };
		18DDDE4C1D34A3040074DE66 /* ZPTwoViewController.xib */ = {isa = PBXFileReference; fileEncoding = 4; lastKnownFileType = file.xib; path = ZPTwoViewController.xib; sourceTree = "<group>"; };
/* End PBXFileReference section */

/* Begin PBXFrameworksBuildPhase section */
		18DDDE1A1D34A10B0074DE66 /* Frameworks */ = {
			isa = PBXFrameworksBuildPhase;
			buildActionMask = 2147483647;
			files = (
			);
			runOnlyForDeploymentPostprocessing = 0;
		};
		18DDDE331D34A10C0074DE66 /* Frameworks */ = {
			isa = PBXFrameworksBuildPhase;
			buildActionMask = 2147483647;
			files = (
			);
			runOnlyForDeploymentPostprocessing = 0;
		};
/* End PBXFrameworksBuildPhase section */

/* Begin PBXGroup section */
		18DDDE141D34A10B0074DE66 = {
			isa = PBXGroup;
			children = (
				18DDDE1F1D34A10B0074DE66 /* Modal方式显示控制器（代码） */,
				18DDDE391D34A10C0074DE66 /* Modal方式显示控制器（代码）Tests */,
				18DDDE1E1D34A10B0074DE66 /* Products */,
			);
			sourceTree = "<group>";
		};
		18DDDE1E1D34A10B0074DE66 /* Products */ = {
			isa = PBXGroup;
			children = (
				18DDDE1D1D34A10B0074DE66 /* Modal方式显示控制器（代码）.app */,
				18DDDE361D34A10C0074DE66 /* Modal方式显示控制器（代码）Tests.xctest */,
			);
			name = Products;
			sourceTree = "<group>";
		};
		18DDDE1F1D34A10B0074DE66 /* Modal方式显示控制器（代码） */ = {
			isa = PBXGroup;
			children = (
				18DDDE231D34A10B0074DE66 /* AppDelegate.h */,
				18DDDE241D34A10B0074DE66 /* AppDelegate.m */,
				18DDDE451D34A2420074DE66 /* ZPOneViewController.h */,
				18DDDE461D34A2420074DE66 /* ZPOneViewController.m */,
				18DDDE471D34A2420074DE66 /* ZPOneViewController.xib */,
				18DDDE4A1D34A3040074DE66 /* ZPTwoViewController.h */,
				18DDDE4B1D34A3040074DE66 /* ZPTwoViewController.m */,
				18DDDE4C1D34A3040074DE66 /* ZPTwoViewController.xib */,
				18DDDE2C1D34A10B0074DE66 /* Assets.xcassets */,
				18DDDE311D34A10B0074DE66 /* Info.plist */,
				18DDDE201D34A10B0074DE66 /* Supporting Files */,
			);
			path = "Modal方式显示控制器（代码）";
			sourceTree = "<group>";
		};
		18DDDE201D34A10B0074DE66 /* Supporting Files */ = {
			isa = PBXGroup;
			children = (
				18DDDE211D34A10B0074DE66 /* main.m */,
			);
			name = "Supporting Files";
			sourceTree = "<group>";
		};
		18DDDE391D34A10C0074DE66 /* Modal方式显示控制器（代码）Tests */ = {
			isa = PBXGroup;
			children = (
				18DDDE3A1D34A10C0074DE66 /* Modal___________Tests.m */,
				18DDDE3C1D34A10C0074DE66 /* Info.plist */,
			);
			path = "Modal方式显示控制器（代码）Tests";
			sourceTree = "<group>";
		};
/* End PBXGroup section */

/* Begin PBXNativeTarget section */
		18DDDE1C1D34A10B0074DE66 /* Modal方式显示控制器（代码） */ = {
			isa = PBXNativeTarget;
			buildConfigurationList = 18DDDE3F1D34A10C0074DE66 /* Build configuration list for PBXNativeTarget "Modal方式显示控制器（代码）" */;
			buildPhases = (
				18DDDE191D34A10B0074DE66 /* Sources */,
				18DDDE1A1D34A10B0074DE66 /* Frameworks */,
				18DDDE1B1D34A10B0074DE66 /* Resources */,
			);
			buildRules = (
			);
			dependencies = (
			);
			name = "Modal方式显示控制器（代码）";
			productName = "Modal方式显示控制器（代码）";
			productReference = 18DDDE1D1D34A10B0074DE66 /* Modal方式显示控制器（代码）.app */;
			productType = "com.apple.product-type.application";
		};
		18DDDE351D34A10C0074DE66 /* Modal方式显示控制器（代码）Tests */ = {
			isa = PBXNativeTarget;
			buildConfigurationList = 18DDDE421D34A10C0074DE66 /* Build configuration list for PBXNativeTarget "Modal方式显示控制器（代码）Tests" */;
			buildPhases = (
				18DDDE321D34A10C0074DE66 /* Sources */,
				18DDDE331D34A10C0074DE66 /* Frameworks */,
				18DDDE341D34A10C0074DE66 /* Resources */,
			);
			buildRules = (
			);
			dependencies = (
				18DDDE381D34A10C0074DE66 /* PBXTargetDependency */,
			);
			name = "Modal方式显示控制器（代码）Tests";
			productName = "Modal方式显示控制器（代码）Tests";
			productReference = 18DDDE361D34A10C0074DE66 /* Modal方式显示控制器（代码）Tests.xctest */;
			productType = "com.apple.product-type.bundle.unit-test";
		};
/* End PBXNativeTarget section */

/* Begin PBXProject section */
		18DDDE151D34A10B0074DE66 /* Project object */ = {
			isa = PBXProject;
			attributes = {
				CLASSPREFIX = ZP;
				LastUpgradeCheck = 0730;
				ORGANIZATIONNAME = apple;
				TargetAttributes = {
					18DDDE1C1D34A10B0074DE66 = {
						CreatedOnToolsVersion = 7.3;
					};
					18DDDE351D34A10C0074DE66 = {
						CreatedOnToolsVersion = 7.3;
						TestTargetID = 18DDDE1C1D34A10B0074DE66;
					};
				};
			};
			buildConfigurationList = 18DDDE181D34A10B0074DE66 /* Build configuration list for PBXProject "Modal方式显示控制器（代码）" */;
			compatibilityVersion = "Xcode 3.2";
			developmentRegion = English;
			hasScannedForEncodings = 0;
			knownRegions = (
				en,
				Base,
			);
			mainGroup = 18DDDE141D34A10B0074DE66;
			productRefGroup = 18DDDE1E1D34A10B0074DE66 /* Products */;
			projectDirPath = "";
			projectRoot = "";
			targets = (
				18DDDE1C1D34A10B0074DE66 /* Modal方式显示控制器（代码） */,
				18DDDE351D34A10C0074DE66 /* Modal方式显示控制器（代码）Tests */,
			);
		};
/* End PBXProject section */

/* Begin PBXResourcesBuildPhase section */
		18DDDE1B1D34A10B0074DE66 /* Resources */ = {
			isa = PBXResourcesBuildPhase;
			buildActionMask = 2147483647;
			files = (
				18DDDE2D1D34A10B0074DE66 /* Assets.xcassets in Resources */,
				18DDDE491D34A2420074DE66 /* ZPOneViewController.xib in Resources */,
				18DDDE4E1D34A3040074DE66 /* ZPTwoViewController.xib in Resources */,
			);
			runOnlyForDeploymentPostprocessing = 0;
		};
		18DDDE341D34A10C0074DE66 /* Resources */ = {
			isa = PBXResourcesBuildPhase;
			buildActionMask = 2147483647;
			files = (
			);
			runOnlyForDeploymentPostprocessing = 0;
		};
/* End PBXResourcesBuildPhase section */

/* Begin PBXSourcesBuildPhase section */
		18DDDE191D34A10B0074DE66 /* Sources */ = {
			isa = PBXSourcesBuildPhase;
			buildActionMask = 2147483647;
			files = (
				18DDDE481D34A2420074DE66 /* ZPOneViewController.m in Sources */,
				18DDDE251D34A10B0074DE66 /* AppDelegate.m in Sources */,
				18DDDE221D34A10B0074DE66 /* main.m in Sources */,
				18DDDE4D1D34A3040074DE66 /* ZPTwoViewController.m in Sources */,
			);
			runOnlyForDeploymentPostprocessing = 0;
		};
		18DDDE321D34A10C0074DE66 /* Sources */ = {
			isa = PBXSourcesBuildPhase;
			buildActionMask = 2147483647;
			files = (
				18DDDE3B1D34A10C0074DE66 /* Modal___________Tests.m in Sources */,
			);
			runOnlyForDeploymentPostprocessing = 0;
		};
/* End PBXSourcesBuildPhase section */

/* Begin PBXTargetDependency section */
		18DDDE381D34A10C0074DE66 /* PBXTargetDependency */ = {
			isa = PBXTargetDependency;
			target = 18DDDE1C1D34A10B0074DE66 /* Modal方式显示控制器（代码） */;
			targetProxy = 18DDDE371D34A10C0074DE66 /* PBXContainerItemProxy */;
		};
/* End PBXTargetDependency section */

/* Begin XCBuildConfiguration section */
		18DDDE3D1D34A10C0074DE66 /* Debug */ = {
			isa = XCBuildConfiguration;
			buildSettings = {
				ALWAYS_SEARCH_USER_PATHS = NO;
				CLANG_ANALYZER_NONNULL = YES;
				CLANG_CXX_LANGUAGE_STANDARD = "gnu++0x";
				CLANG_CXX_LIBRARY = "libc++";
				CLANG_ENABLE_MODULES = YES;
				CLANG_ENABLE_OBJC_ARC = YES;
				CLANG_WARN_BOOL_CONVERSION = YES;
				CLANG_WARN_CONSTANT_CONVERSION = YES;
				CLANG_WARN_DIRECT_OBJC_ISA_USAGE = YES_ERROR;
				CLANG_WARN_EMPTY_BODY = YES;
				CLANG_WARN_ENUM_CONVERSION = YES;
				CLANG_WARN_INT_CONVERSION = YES;
				CLANG_WARN_OBJC_ROOT_CLASS = YES_ERROR;
				CLANG_WARN_UNREACHABLE_CODE = YES;
				CLANG_WARN__DUPLICATE_METHOD_MATCH = YES;
				"CODE_SIGN_IDENTITY[sdk=iphoneos*]" = "iPhone Developer";
				COPY_PHASE_STRIP = NO;
				DEBUG_INFORMATION_FORMAT = dwarf;
				ENABLE_STRICT_OBJC_MSGSEND = YES;
				ENABLE_TESTABILITY = YES;
				GCC_C_LANGUAGE_STANDARD = gnu99;
				GCC_DYNAMIC_NO_PIC = NO;
				GCC_NO_COMMON_BLOCKS = YES;
				GCC_OPTIMIZATION_LEVEL = 0;
				GCC_PREPROCESSOR_DEFINITIONS = (
					"DEBUG=1",
					"$(inherited)",
				);
				GCC_WARN_64_TO_32_BIT_CONVERSION = YES;
				GCC_WARN_ABOUT_RETURN_TYPE = YES_ERROR;
				GCC_WARN_UNDECLARED_SELECTOR = YES;
				GCC_WARN_UNINITIALIZED_AUTOS = YES_AGGRESSIVE;
				GCC_WARN_UNUSED_FUNCTION = YES;
				GCC_WARN_UNUSED_VARIABLE = YES;
				IPHONEOS_DEPLOYMENT_TARGET = 9.3;
				MTL_ENABLE_DEBUG_INFO = YES;
				ONLY_ACTIVE_ARCH = YES;
				SDKROOT = iphoneos;
			};
			name = Debug;
		};
		18DDDE3E1D34A10C0074DE66 /* Release */ = {
			isa = XCBuildConfiguration;
			buildSettings = {
				ALWAYS_SEARCH_USER_PATHS = NO;
				CLANG_ANALYZER_NONNULL = YES;
				CLANG_CXX_LANGUAGE_STANDARD = "gnu++0x";
				CLANG_CXX_LIBRARY = "libc++";
				CLANG_ENABLE_MODULES = YES;
				CLANG_ENABLE_OBJC_ARC = YES;
				CLANG_WARN_BOOL_CONVERSION = YES;
				CLANG_WARN_CONSTANT_CONVERSION = YES;
				CLANG_WARN_DIRECT_OBJC_ISA_USAGE = YES_ERROR;
				CLANG_WARN_EMPTY_BODY = YES;
				CLANG_WARN_ENUM_CONVERSION = YES;
				CLANG_WARN_INT_CONVERSION = YES;
				CLANG_WARN_OBJC_ROOT_CLASS = YES_ERROR;
				CLANG_WARN_UNREACHABLE_CODE = YES;
				CLANG_WARN__DUPLICATE_METHOD_MATCH = YES;
				"CODE_SIGN_IDENTITY[sdk=iphoneos*]" = "iPhone Developer";
				COPY_PHASE_STRIP = NO;
				DEBUG_INFORMATION_FORMAT = "dwarf-with-dsym";
				ENABLE_NS_ASSERTIONS = NO;
				ENABLE_STRICT_OBJC_MSGSEND = YES;
				GCC_C_LANGUAGE_STANDARD = gnu99;
				GCC_NO_COMMON_BLOCKS = YES;
				GCC_WARN_64_TO_32_BIT_CONVERSION = YES;
				GCC_WARN_ABOUT_RETURN_TYPE = YES_ERROR;
				GCC_WARN_UNDECLARED_SELECTOR = YES;
				GCC_WARN_UNINITIALIZED_AUTOS = YES_AGGRESSIVE;
				GCC_WARN_UNUSED_FUNCTION = YES;
				GCC_WARN_UNUSED_VARIABLE = YES;
				IPHONEOS_DEPLOYMENT_TARGET = 9.3;
				MTL_ENABLE_DEBUG_INFO = NO;
				SDKROOT = iphoneos;
				VALIDATE_PRODUCT = YES;
			};
			name = Release;
		};
		18DDDE401D34A10C0074DE66 /* Debug */ = {
			isa = XCBuildConfiguration;
			buildSettings = {
				ASSETCATALOG_COMPILER_APPICON_NAME = AppIcon;
				INFOPLIST_FILE = "Modal方式显示控制器（代码）/Info.plist";
				LD_RUNPATH_SEARCH_PATHS = "$(inherited) @executable_path/Frameworks";
				PRODUCT_BUNDLE_IDENTIFIER = "cn.sunco.Modal-----------";
				PRODUCT_NAME = "$(TARGET_NAME)";
			};
			name = Debug;
		};
		18DDDE411D34A10C0074DE66 /* Release */ = {
			isa = XCBuildConfiguration;
			buildSettings = {
				ASSETCATALOG_COMPILER_APPICON_NAME = AppIcon;
				INFOPLIST_FILE = "Modal方式显示控制器（代码）/Info.plist";
				LD_RUNPATH_SEARCH_PATHS = "$(inherited) @executable_path/Frameworks";
				PRODUCT_BUNDLE_IDENTIFIER = "cn.sunco.Modal-----------";
				PRODUCT_NAME = "$(TARGET_NAME)";
			};
			name = Release;
		};
		18DDDE431D34A10C0074DE66 /* Debug */ = {
			isa = XCBuildConfiguration;
			buildSettings = {
				BUNDLE_LOADER = "$(TEST_HOST)";
				INFOPLIST_FILE = "Modal方式显示控制器（代码）Tests/Info.plist";
				LD_RUNPATH_SEARCH_PATHS = "$(inherited) @executable_path/Frameworks @loader_path/Frameworks";
				PRODUCT_BUNDLE_IDENTIFIER = "cn.sunco.Modal-----------Tests";
				PRODUCT_NAME = "$(TARGET_NAME)";
				TEST_HOST = "$(BUILT_PRODUCTS_DIR)/Modal方式显示控制器（代码）.app/Modal方式显示控制器（代码）";
			};
			name = Debug;
		};
		18DDDE441D34A10C0074DE66 /* Release */ = {
			isa = XCBuildConfiguration;
			buildSettings = {
				BUNDLE_LOADER = "$(TEST_HOST)";
				INFOPLIST_FILE = "Modal方式显示控制器（代码）Tests/Info.plist";
				LD_RUNPATH_SEARCH_PATHS = "$(inherited) @executable_path/Frameworks @loader_path/Frameworks";
				PRODUCT_BUNDLE_IDENTIFIER = "cn.sunco.Modal-----------Tests";
				PRODUCT_NAME = "$(TARGET_NAME)";
				TEST_HOST = "$(BUILT_PRODUCTS_DIR)/Modal方式显示控制器（代码）.app/Modal方式显示控制器（代码）";
			};
			name = Release;
		};
/* End XCBuildConfiguration section */

/* Begin XCConfigurationList section */
		18DDDE181D34A10B0074DE66 /* Build configuration list for PBXProject "Modal方式显示控制器（代码）" */ = {
			isa = XCConfigurationList;
			buildConfigurations = (
				18DDDE3D1D34A10C0074DE66 /* Debug */,
				18DDDE3E1D34A10C0074DE66 /* Release */,
			);
			defaultConfigurationIsVisible = 0;
			defaultConfigurationName = Release;
		};
		18DDDE3F1D34A10C0074DE66 /* Build configuration list for PBXNativeTarget "Modal方式显示控制器（代码）" */ = {
			isa = XCConfigurationList;
			buildConfigurations = (
				18DDDE401D34A10C0074DE66 /* Debug */,
				18DDDE411D34A10C0074DE66 /* Release */,
			);
			defaultConfigurationIsVisible = 0;
		};
		18DDDE421D34A10C0074DE66 /* Build configuration list for PBXNativeTarget "Modal方式显示控制器（代码）Tests" */ = {
			isa = XCConfigurationList;
			buildConfigurations = (
				18DDDE431D34A10C0074DE66 /* Debug */,
				18DDDE441D34A10C0074DE66 /* Release */,
			);
			defaultConfigurationIsVisible = 0;
		};
/* End XCConfigurationList section */
	};
	rootObject = 18DDDE151D34A10B0074DE66 /* Project object */;
}
